
Microsoft Visual Studio Solution File, Format Version 12.00
# Visual Studio Version 16
VisualStudioVersion = 16.0.30907.101
MinimumVisualStudioVersion = 10.0.40219.1
Project("{FAE04EC0-301F-11D3-BF4B-00C04F79EFBC}") = "mvc", "mvc\mvc.csproj", "{38C87B07-C1D4-4610-8A05-3D7BBB5A7913}"
EndProject
Global
	GlobalSection(SolutionConfigurationPlatforms) = preSolution
		Debug|Any CPU = Debug|Any CPU
		Release|Any CPU = Release|Any CPU
	EndGlobalSection
	GlobalSection(ProjectConfigurationPlatforms) = postSolution
		{38C87B07-C1D4-4610-8A05-3D7BBB5A7913}.Debug|Any CPU.ActiveCfg = Debug|Any CPU
		{38C87B07-C1D4-4610-8A05-3D7BBB5A7913}.Debug|Any CPU.Build.0 = Debug|Any CPU
		{38C87B07-C1D4-4610-8A05-3D7BBB5A7913}.Release|Any CPU.ActiveCfg = Release|Any CPU
		{38C87B07-C1D4-4610-8A05-3D7BBB5A7913}.Release|Any CPU.Build.0 = Release|Any CPU
	EndGlobalSection
	GlobalSection(SolutionProperties) = preSolution
		HideSolutionNode = FALSE
	EndGlobalSection
	GlobalSection(ExtensibilityGlobals) = postSolution
		SolutionGuid = {327F4DAF-C3AE-4F07-94DD-66B3A95E6EE8}
	EndGlobalSection
EndGlobal
